// !$*UTF8*$!
{
	archiveVersion = 1;
	classes = {
	};
	objectVersion = 55;
	objects = {

/* Begin PBXBuildFile section */
		46A147562736C1C0008659FA /* ComposableNavigationApp.swift in Sources */ = {isa = PBXBuildFile; fileRef = 46A147552736C1C0008659FA /* ComposableNavigationApp.swift */; };
		46A147582736C1C0008659FA /* Tabbar.swift in Sources */ = {isa = PBXBuildFile; fileRef = 46A147572736C1C0008659FA /* Tabbar.swift */; };
		46A1475A2736C1C8008659FA /* Assets.xcassets in Resources */ = {isa = PBXBuildFile; fileRef = 46A147592736C1C8008659FA /* Assets.xcassets */; };
		46A1475D2736C1C8008659FA /* Preview Assets.xcassets in Resources */ = {isa = PBXBuildFile; fileRef = 46A1475C2736C1C8008659FA /* Preview Assets.xcassets */; };
		46A147642736C398008659FA /* TabbarItem.swift in Sources */ = {isa = PBXBuildFile; fileRef = 46A147632736C398008659FA /* TabbarItem.swift */; };
		46A147662736C576008659FA /* JournalView.swift in Sources */ = {isa = PBXBuildFile; fileRef = 46A147652736C576008659FA /* JournalView.swift */; };
		46A147682736D550008659FA /* JournalHeaderView.swift in Sources */ = {isa = PBXBuildFile; fileRef = 46A147672736D550008659FA /* JournalHeaderView.swift */; };
		46A1476D2736D675008659FA /* MoodView.swift in Sources */ = {isa = PBXBuildFile; fileRef = 46A1476C2736D675008659FA /* MoodView.swift */; };
		46A1476F2736DC4F008659FA /* MoodCell.swift in Sources */ = {isa = PBXBuildFile; fileRef = 46A1476E2736DC4E008659FA /* MoodCell.swift */; };
		46A147722736DD53008659FA /* GoalsView.swift in Sources */ = {isa = PBXBuildFile; fileRef = 46A147712736DD53008659FA /* GoalsView.swift */; };
/* End PBXBuildFile section */

/* Begin PBXFileReference section */
		46A147522736C1C0008659FA /* ComposableNavigation.app */ = {isa = PBXFileReference; explicitFileType = wrapper.application; includeInIndex = 0; path = ComposableNavigation.app; sourceTree = BUILT_PRODUCTS_DIR; };
		46A147552736C1C0008659FA /* ComposableNavigationApp.swift */ = {isa = PBXFileReference; lastKnownFileType = sourcecode.swift; path = ComposableNavigationApp.swift; sourceTree = "<group>"; };
		46A147572736C1C0008659FA /* Tabbar.swift */ = {isa = PBXFileReference; lastKnownFileType = sourcecode.swift; path = Tabbar.swift; sourceTree = "<group>"; };
		46A147592736C1C8008659FA /* Assets.xcassets */ = {isa = PBXFileReference; lastKnownFileType = folder.assetcatalog; path = Assets.xcassets; sourceTree = "<group>"; };
		46A1475C2736C1C8008659FA /* Preview Assets.xcassets */ = {isa = PBXFileReference; lastKnownFileType = folder.assetcatalog; path = "Preview Assets.xcassets"; sourceTree = "<group>"; };
		46A147632736C398008659FA /* TabbarItem.swift */ = {isa = PBXFileReference; lastKnownFileType = sourcecode.swift; path = TabbarItem.swift; sourceTree = "<group>"; };
		46A147652736C576008659FA /* JournalView.swift */ = {isa = PBXFileReference; lastKnownFileType = sourcecode.swift; path = JournalView.swift; sourceTree = "<group>"; };
		46A147672736D550008659FA /* JournalHeaderView.swift */ = {isa = PBXFileReference; lastKnownFileType = sourcecode.swift; path = JournalHeaderView.swift; sourceTree = "<group>"; };
		46A1476C2736D675008659FA /* MoodView.swift */ = {isa = PBXFileReference; lastKnownFileType = sourcecode.swift; path = MoodView.swift; sourceTree = "<group>"; };
		46A1476E2736DC4E008659FA /* MoodCell.swift */ = {isa = PBXFileReference; lastKnownFileType = sourcecode.swift; path = MoodCell.swift; sourceTree = "<group>"; };
		46A147712736DD53008659FA /* GoalsView.swift */ = {isa = PBXFileReference; lastKnownFileType = sourcecode.swift; path = GoalsView.swift; sourceTree = "<group>"; };
/* End PBXFileReference section */

/* Begin PBXFrameworksBuildPhase section */
		46A1474F2736C1BF008659FA /* Frameworks */ = {
			isa = PBXFrameworksBuildPhase;
			buildActionMask = 2147483647;
			files = (
			);
			runOnlyForDeploymentPostprocessing = 0;
		};
/* End PBXFrameworksBuildPhase section */

/* Begin PBXGroup section */
		46A147492736C1BF008659FA = {
			isa = PBXGroup;
			children = (
				46A147542736C1C0008659FA /* ComposableNavigation */,
				46A147532736C1C0008659FA /* Products */,
			);
			sourceTree = "<group>";
		};
		46A147532736C1C0008659FA /* Products */ = {
			isa = PBXGroup;
			children = (
				46A147522736C1C0008659FA /* ComposableNavigation.app */,
			);
			name = Products;
			sourceTree = "<group>";
		};
		46A147542736C1C0008659FA /* ComposableNavigation */ = {
			isa = PBXGroup;
			children = (
				46A147702736DD38008659FA /* Goals */,
				46A1476B2736D666008659FA /* Mood */,
				46A1476A2736D658008659FA /* Journal */,
				46A147692736D64D008659FA /* Tabbar */,
				46A147552736C1C0008659FA /* ComposableNavigationApp.swift */,
				46A147592736C1C8008659FA /* Assets.xcassets */,
				46A1475B2736C1C8008659FA /* Preview Content */,
			);
			path = ComposableNavigation;
			sourceTree = "<group>";
		};
		46A1475B2736C1C8008659FA /* Preview Content */ = {
			isa = PBXGroup;
			children = (
				46A1475C2736C1C8008659FA /* Preview Assets.xcassets */,
			);
			path = "Preview Content";
			sourceTree = "<group>";
		};
		46A147692736D64D008659FA /* Tabbar */ = {
			isa = PBXGroup;
			children = (
				46A147572736C1C0008659FA /* Tabbar.swift */,
				46A147632736C398008659FA /* TabbarItem.swift */,
			);
			path = Tabbar;
			sourceTree = "<group>";
		};
		46A1476A2736D658008659FA /* Journal */ = {
			isa = PBXGroup;
			children = (
				46A147652736C576008659FA /* JournalView.swift */,
				46A147672736D550008659FA /* JournalHeaderView.swift */,
			);
			path = Journal;
			sourceTree = "<group>";
		};
		46A1476B2736D666008659FA /* Mood */ = {
			isa = PBXGroup;
			children = (
				46A1476C2736D675008659FA /* MoodView.swift */,
				46A1476E2736DC4E008659FA /* MoodCell.swift */,
			);
			path = Mood;
			sourceTree = "<group>";
		};
		46A147702736DD38008659FA /* Goals */ = {
			isa = PBXGroup;
			children = (
				46A147712736DD53008659FA /* GoalsView.swift */,
			);
			path = Goals;
			sourceTree = "<group>";
		};
/* End PBXGroup section */

/* Begin PBXNativeTarget section */
		46A147512736C1BF008659FA /* ComposableNavigation */ = {
			isa = PBXNativeTarget;
			buildConfigurationList = 46A147602736C1C8008659FA /* Build configuration list for PBXNativeTarget "ComposableNavigation" */;
			buildPhases = (
				46A1474E2736C1BF008659FA /* Sources */,
				46A1474F2736C1BF008659FA /* Frameworks */,
				46A147502736C1BF008659FA /* Resources */,
			);
			buildRules = (
			);
			dependencies = (
			);
			name = ComposableNavigation;
			productName = ComposableNavigation;
			productReference = 46A147522736C1C0008659FA /* ComposableNavigation.app */;
			productType = "com.apple.product-type.application";
		};
/* End PBXNativeTarget section */

/* Begin PBXProject section */
		46A1474A2736C1BF008659FA /* Project object */ = {
			isa = PBXProject;
			attributes = {
				BuildIndependentTargetsInParallel = 1;
				LastSwiftUpdateCheck = 1300;
				LastUpgradeCheck = 1300;
				TargetAttributes = {
					46A147512736C1BF008659FA = {
						CreatedOnToolsVersion = 13.0;
					};
				};
			};
			buildConfigurationList = 46A1474D2736C1BF008659FA /* Build configuration list for PBXProject "ComposableNavigation" */;
			compatibilityVersion = "Xcode 13.0";
			developmentRegion = en;
			hasScannedForEncodings = 0;
			knownRegions = (
				en,
				Base,
			);
			mainGroup = 46A147492736C1BF008659FA;
			productRefGroup = 46A147532736C1C0008659FA /* Products */;
			projectDirPath = "";
			projectRoot = "";
			targets = (
				46A147512736C1BF008659FA /* ComposableNavigation */,
			);
		};
/* End PBXProject section */

/* Begin PBXResourcesBuildPhase section */
		46A147502736C1BF008659FA /* Resources */ = {
			isa = PBXResourcesBuildPhase;
			buildActionMask = 2147483647;
			files = (
				46A1475D2736C1C8008659FA /* Preview Assets.xcassets in Resources */,
				46A1475A2736C1C8008659FA /* Assets.xcassets in Resources */,
			);
			runOnlyForDeploymentPostprocessing = 0;
		};
/* End PBXResourcesBuildPhase section */

/* Begin PBXSourcesBuildPhase section */
		46A1474E2736C1BF008659FA /* Sources */ = {
			isa = PBXSourcesBuildPhase;
			buildActionMask = 2147483647;
			files = (
				46A147682736D550008659FA /* JournalHeaderView.swift in Sources */,
				46A1476D2736D675008659FA /* MoodView.swift in Sources */,
				46A147582736C1C0008659FA /* Tabbar.swift in Sources */,
				46A147722736DD53008659FA /* GoalsView.swift in Sources */,
				46A147642736C398008659FA /* TabbarItem.swift in Sources */,
				46A147562736C1C0008659FA /* ComposableNavigationApp.swift in Sources */,
				46A1476F2736DC4F008659FA /* MoodCell.swift in Sources */,
				46A147662736C576008659FA /* JournalView.swift in Sources */,
			);
			runOnlyForDeploymentPostprocessing = 0;
		};
/* End PBXSourcesBuildPhase section */

/* Begin XCBuildConfiguration section */
		46A1475E2736C1C8008659FA /* Debug */ = {
			isa = XCBuildConfiguration;
			buildSettings = {
				ALWAYS_SEARCH_USER_PATHS = NO;
				CLANG_ANALYZER_NONNULL = YES;
				CLANG_ANALYZER_NUMBER_OBJECT_CONVERSION = YES_AGGRESSIVE;
				CLANG_CXX_LANGUAGE_STANDARD = "gnu++17";
				CLANG_CXX_LIBRARY = "libc++";
				CLANG_ENABLE_MODULES = YES;
				CLANG_ENABLE_OBJC_ARC = YES;
				CLANG_ENABLE_OBJC_WEAK = YES;
				CLANG_WARN_BLOCK_CAPTURE_AUTORELEASING = YES;
				CLANG_WARN_BOOL_CONVERSION = YES;
				CLANG_WARN_COMMA = YES;
				CLANG_WARN_CONSTANT_CONVERSION = YES;
				CLANG_WARN_DEPRECATED_OBJC_IMPLEMENTATIONS = YES;
				CLANG_WARN_DIRECT_OBJC_ISA_USAGE = YES_ERROR;
				CLANG_WARN_DOCUMENTATION_COMMENTS = YES;
				CLANG_WARN_EMPTY_BODY = YES;
				CLANG_WARN_ENUM_CONVERSION = YES;
				CLANG_WARN_INFINITE_RECURSION = YES;
				CLANG_WARN_INT_CONVERSION = YES;
				CLANG_WARN_NON_LITERAL_NULL_CONVERSION = YES;
				CLANG_WARN_OBJC_IMPLICIT_RETAIN_SELF = YES;
				CLANG_WARN_OBJC_LITERAL_CONVERSION = YES;
				CLANG_WARN_OBJC_ROOT_CLASS = YES_ERROR;
				CLANG_WARN_QUOTED_INCLUDE_IN_FRAMEWORK_HEADER = YES;
				CLANG_WARN_RANGE_LOOP_ANALYSIS = YES;
				CLANG_WARN_STRICT_PROTOTYPES = YES;
				CLANG_WARN_SUSPICIOUS_MOVE = YES;
				CLANG_WARN_UNGUARDED_AVAILABILITY = YES_AGGRESSIVE;
				CLANG_WARN_UNREACHABLE_CODE = YES;
				CLANG_WARN__DUPLICATE_METHOD_MATCH = YES;
				COPY_PHASE_STRIP = NO;
				DEBUG_INFORMATION_FORMAT = dwarf;
				ENABLE_STRICT_OBJC_MSGSEND = YES;
				ENABLE_TESTABILITY = YES;
				GCC_C_LANGUAGE_STANDARD = gnu11;
				GCC_DYNAMIC_NO_PIC = NO;
				GCC_NO_COMMON_BLOCKS = YES;
				GCC_OPTIMIZATION_LEVEL = 0;
				GCC_PREPROCESSOR_DEFINITIONS = (
					"DEBUG=1",
					"$(inherited)",
				);
				GCC_WARN_64_TO_32_BIT_CONVERSION = YES;
				GCC_WARN_ABOUT_RETURN_TYPE = YES_ERROR;
				GCC_WARN_UNDECLARED_SELECTOR = YES;
				GCC_WARN_UNINITIALIZED_AUTOS = YES_AGGRESSIVE;
				GCC_WARN_UNUSED_FUNCTION = YES;
				GCC_WARN_UNUSED_VARIABLE = YES;
				IPHONEOS_DEPLOYMENT_TARGET = 15.0;
				MTL_ENABLE_DEBUG_INFO = INCLUDE_SOURCE;
				MTL_FAST_MATH = YES;
				ONLY_ACTIVE_ARCH = YES;
				SDKROOT = iphoneos;
				SWIFT_ACTIVE_COMPILATION_CONDITIONS = DEBUG;
				SWIFT_OPTIMIZATION_LEVEL = "-Onone";
			};
			name = Debug;
		};
		46A1475F2736C1C8008659FA /* Release */ = {
			isa = XCBuildConfiguration;
			buildSettings = {
				ALWAYS_SEARCH_USER_PATHS = NO;
				CLANG_ANALYZER_NONNULL = YES;
				CLANG_ANALYZER_NUMBER_OBJECT_CONVERSION = YES_AGGRESSIVE;
				CLANG_CXX_LANGUAGE_STANDARD = "gnu++17";
				CLANG_CXX_LIBRARY = "libc++";
				CLANG_ENABLE_MODULES = YES;
				CLANG_ENABLE_OBJC_ARC = YES;
				CLANG_ENABLE_OBJC_WEAK = YES;
				CLANG_WARN_BLOCK_CAPTURE_AUTORELEASING = YES;
				CLANG_WARN_BOOL_CONVERSION = YES;
				CLANG_WARN_COMMA = YES;
				CLANG_WARN_CONSTANT_CONVERSION = YES;
				CLANG_WARN_DEPRECATED_OBJC_IMPLEMENTATIONS = YES;
				CLANG_WARN_DIRECT_OBJC_ISA_USAGE = YES_ERROR;
				CLANG_WARN_DOCUMENTATION_COMMENTS = YES;
				CLANG_WARN_EMPTY_BODY = YES;
				CLANG_WARN_ENUM_CONVERSION = YES;
				CLANG_WARN_INFINITE_RECURSION = YES;
				CLANG_WARN_INT_CONVERSION = YES;
				CLANG_WARN_NON_LITERAL_NULL_CONVERSION = YES;
				CLANG_WARN_OBJC_IMPLICIT_RETAIN_SELF = YES;
				CLANG_WARN_OBJC_LITERAL_CONVERSION = YES;
				CLANG_WARN_OBJC_ROOT_CLASS = YES_ERROR;
				CLANG_WARN_QUOTED_INCLUDE_IN_FRAMEWORK_HEADER = YES;
				CLANG_WARN_RANGE_LOOP_ANALYSIS = YES;
				CLANG_WARN_STRICT_PROTOTYPES = YES;
				CLANG_WARN_SUSPICIOUS_MOVE = YES;
				CLANG_WARN_UNGUARDED_AVAILABILITY = YES_AGGRESSIVE;
				CLANG_WARN_UNREACHABLE_CODE = YES;
				CLANG_WARN__DUPLICATE_METHOD_MATCH = YES;
				COPY_PHASE_STRIP = NO;
				DEBUG_INFORMATION_FORMAT = "dwarf-with-dsym";
				ENABLE_NS_ASSERTIONS = NO;
				ENABLE_STRICT_OBJC_MSGSEND = YES;
				GCC_C_LANGUAGE_STANDARD = gnu11;
				GCC_NO_COMMON_BLOCKS = YES;
				GCC_WARN_64_TO_32_BIT_CONVERSION = YES;
				GCC_WARN_ABOUT_RETURN_TYPE = YES_ERROR;
				GCC_WARN_UNDECLARED_SELECTOR = YES;
				GCC_WARN_UNINITIALIZED_AUTOS = YES_AGGRESSIVE;
				GCC_WARN_UNUSED_FUNCTION = YES;
				GCC_WARN_UNUSED_VARIABLE = YES;
				IPHONEOS_DEPLOYMENT_TARGET = 15.0;
				MTL_ENABLE_DEBUG_INFO = NO;
				MTL_FAST_MATH = YES;
				SDKROOT = iphoneos;
				SWIFT_COMPILATION_MODE = wholemodule;
				SWIFT_OPTIMIZATION_LEVEL = "-O";
				VALIDATE_PRODUCT = YES;
			};
			name = Release;
		};
		46A147612736C1C8008659FA /* Debug */ = {
			isa = XCBuildConfiguration;
			buildSettings = {
				ASSETCATALOG_COMPILER_APPICON_NAME = AppIcon;
				ASSETCATALOG_COMPILER_GLOBAL_ACCENT_COLOR_NAME = AccentColor;
				CODE_SIGN_STYLE = Automatic;
				CURRENT_PROJECT_VERSION = 1;
				DEVELOPMENT_ASSET_PATHS = "\"ComposableNavigation/Preview Content\"";
				ENABLE_PREVIEWS = YES;
				GENERATE_INFOPLIST_FILE = YES;
				INFOPLIST_KEY_UIApplicationSceneManifest_Generation = YES;
				INFOPLIST_KEY_UIApplicationSupportsIndirectInputEvents = YES;
				INFOPLIST_KEY_UILaunchScreen_Generation = YES;
				INFOPLIST_KEY_UISupportedInterfaceOrientations_iPad = "UIInterfaceOrientationPortrait UIInterfaceOrientationPortraitUpsideDown UIInterfaceOrientationLandscapeLeft UIInterfaceOrientationLandscapeRight";
				INFOPLIST_KEY_UISupportedInterfaceOrientations_iPhone = "UIInterfaceOrientationPortrait UIInterfaceOrientationLandscapeLeft UIInterfaceOrientationLandscapeRight";
				IPHONEOS_DEPLOYMENT_TARGET = 14.0;
				LD_RUNPATH_SEARCH_PATHS = (
					"$(inherited)",
					"@executable_path/Frameworks",
				);
				MARKETING_VERSION = 1.0;
				PRODUCT_BUNDLE_IDENTIFIER = com.homiedev.ComposableNavigation;
				PRODUCT_NAME = "$(TARGET_NAME)";
				SWIFT_EMIT_LOC_STRINGS = YES;
				SWIFT_VERSION = 5.0;
				TARGETED_DEVICE_FAMILY = "1,2";
			};
			name = Debug;
		};
		46A147622736C1C8008659FA /* Release */ = {
			isa = XCBuildConfiguration;
			buildSettings = {
				ASSETCATALOG_COMPILER_APPICON_NAME = AppIcon;
				ASSETCATALOG_COMPILER_GLOBAL_ACCENT_COLOR_NAME = AccentColor;
				CODE_SIGN_STYLE = Automatic;
				CURRENT_PROJECT_VERSION = 1;
				DEVELOPMENT_ASSET_PATHS = "\"ComposableNavigation/Preview Content\"";
				ENABLE_PREVIEWS = YES;
				GENERATE_INFOPLIST_FILE = YES;
				INFOPLIST_KEY_UIApplicationSceneManifest_Generation = YES;
				INFOPLIST_KEY_UIApplicationSupportsIndirectInputEvents = YES;
				INFOPLIST_KEY_UILaunchScreen_Generation = YES;
				INFOPLIST_KEY_UISupportedInterfaceOrientations_iPad = "UIInterfaceOrientationPortrait UIInterfaceOrientationPortraitUpsideDown UIInterfaceOrientationLandscapeLeft UIInterfaceOrientationLandscapeRight";
				INFOPLIST_KEY_UISupportedInterfaceOrientations_iPhone = "UIInterfaceOrientationPortrait UIInterfaceOrientationLandscapeLeft UIInterfaceOrientationLandscapeRight";
				IPHONEOS_DEPLOYMENT_TARGET = 14.0;
				LD_RUNPATH_SEARCH_PATHS = (
					"$(inherited)",
					"@executable_path/Frameworks",
				);
				MARKETING_VERSION = 1.0;
				PRODUCT_BUNDLE_IDENTIFIER = com.homiedev.ComposableNavigation;
				PRODUCT_NAME = "$(TARGET_NAME)";
				SWIFT_EMIT_LOC_STRINGS = YES;
				SWIFT_VERSION = 5.0;
				TARGETED_DEVICE_FAMILY = "1,2";
			};
			name = Release;
		};
/* End XCBuildConfiguration section */

/* Begin XCConfigurationList section */
		46A1474D2736C1BF008659FA /* Build configuration list for PBXProject "ComposableNavigation" */ = {
			isa = XCConfigurationList;
			buildConfigurations = (
				46A1475E2736C1C8008659FA /* Debug */,
				46A1475F2736C1C8008659FA /* Release */,
			);
			defaultConfigurationIsVisible = 0;
			defaultConfigurationName = Release;
		};
		46A147602736C1C8008659FA /* Build configuration list for PBXNativeTarget "ComposableNavigation" */ = {
			isa = XCConfigurationList;
			buildConfigurations = (
				46A147612736C1C8008659FA /* Debug */,
				46A147622736C1C8008659FA /* Release */,
			);
			defaultConfigurationIsVisible = 0;
			defaultConfigurationName = Release;
		};
/* End XCConfigurationList section */
	};
	rootObject = 46A1474A2736C1BF008659FA /* Project object */;
}
